
Microsoft Visual Studio Solution File, Format Version 12.00
# Visual Studio Version 17
VisualStudioVersion = 17.8.34511.84
MinimumVisualStudioVersion = 10.0.40219.1
Project("{FAE04EC0-301F-11D3-BF4B-00C04F79EFBC}") = "UniStay.API", "UniStay.API\UniStay.API.csproj", "{73AF8A34-C463-9C3D-D6C4-583C00629631}"
EndProject
Project("{FAE04EC0-301F-11D3-BF4B-00C04F79EFBC}") = "UniStay.Tests", "UniStay.Tests\UniStay.Tests.csproj", "{D958928E-1B7E-BF29-85AD-626F8E70FDB5}"
EndProject
Global
	GlobalSection(SolutionConfigurationPlatforms) = preSolution
		Debug|Any CPU = Debug|Any CPU
		Release|Any CPU = Release|Any CPU
	EndGlobalSection
	GlobalSection(ProjectConfigurationPlatforms) = postSolution
		{73AF8A34-C463-9C3D-D6C4-583C00629631}.Debug|Any CPU.ActiveCfg = Debug|Any CPU
		{73AF8A34-C463-9C3D-D6C4-583C00629631}.Debug|Any CPU.Build.0 = Debug|Any CPU
		{73AF8A34-C463-9C3D-D6C4-583C00629631}.Release|Any CPU.ActiveCfg = Release|Any CPU
		{73AF8A34-C463-9C3D-D6C4-583C00629631}.Release|Any CPU.Build.0 = Release|Any CPU
		{D958928E-1B7E-BF29-85AD-626F8E70FDB5}.Debug|Any CPU.ActiveCfg = Debug|Any CPU
		{D958928E-1B7E-BF29-85AD-626F8E70FDB5}.Debug|Any CPU.Build.0 = Debug|Any CPU
		{D958928E-1B7E-BF29-85AD-626F8E70FDB5}.Release|Any CPU.ActiveCfg = Release|Any CPU
		{D958928E-1B7E-BF29-85AD-626F8E70FDB5}.Release|Any CPU.Build.0 = Release|Any CPU
	EndGlobalSection
	GlobalSection(SolutionProperties) = preSolution
		HideSolutionNode = FALSE
	EndGlobalSection
	GlobalSection(ExtensibilityGlobals) = postSolution
		SolutionGuid = {BCA44FF5-FC97-461F-A2FC-2941999712E7}
	EndGlobalSection
EndGlobal
